
Microsoft Visual Studio Solution File, Format Version 12.00
# Visual Studio Version 16
VisualStudioVersion = 16.0.29905.134
MinimumVisualStudioVersion = 10.0.40219.1
Project("{FAE04EC0-301F-11D3-BF4B-00C04F79EFBC}") = "LaTeXTableGenerator", "LaTeXTableGenerator\LaTeXTableGenerator.csproj", "{932D47DA-CCC0-4CFD-B366-078FB7C56D70}"
EndProject
Global
	GlobalSection(SolutionConfigurationPlatforms) = preSolution
		Debug|Any CPU = Debug|Any CPU
		Release|Any CPU = Release|Any CPU
	EndGlobalSection
	GlobalSection(ProjectConfigurationPlatforms) = postSolution
		{932D47DA-CCC0-4CFD-B366-078FB7C56D70}.Debug|Any CPU.ActiveCfg = Debug|Any CPU
		{932D47DA-CCC0-4CFD-B366-078FB7C56D70}.Debug|Any CPU.Build.0 = Debug|Any CPU
		{932D47DA-CCC0-4CFD-B366-078FB7C56D70}.Release|Any CPU.ActiveCfg = Release|Any CPU
		{932D47DA-CCC0-4CFD-B366-078FB7C56D70}.Release|Any CPU.Build.0 = Release|Any CPU
	EndGlobalSection
	GlobalSection(SolutionProperties) = preSolution
		HideSolutionNode = FALSE
	EndGlobalSection
	GlobalSection(ExtensibilityGlobals) = postSolution
		SolutionGuid = {0F0CE1A9-FAB7-4E0B-AECD-1637DC4138ED}
	EndGlobalSection
EndGlobal
